{
  "lockfileVersion": 1,
  "workspaces": {
    "": {
      "name": "better-status-codes",
      "devDependencies": {
        "@types/bun": "latest",
        "@types/statuses": "latest",
        "http-status-codes": "latest",
        "prettier": "latest",
        "statuses": "latest",
        "typescript": "latest",
      },
    },
  },
  "packages": {
    "@types/bun": ["@types/bun@1.2.23", "", { "dependencies": { "bun-types": "1.2.23" } }, "sha512-le8ueOY5b6VKYf19xT3McVbXqLqmxzPXHsQT/q9JHgikJ2X22wyTW3g3ohz2ZMnp7dod6aduIiq8A14Xyimm0A=="],

    "@types/node": ["@types/node@24.3.1", "", { "dependencies": { "undici-types": "~7.10.0" } }, "sha512-3vXmQDXy+woz+gnrTvuvNrPzekOi+Ds0ReMxw0LzBiK3a+1k0kQn9f2NWk+lgD4rJehFUmYy2gMhJ2ZI+7YP9g=="],

    "@types/react": ["@types/react@19.1.12", "", { "dependencies": { "csstype": "^3.0.2" } }, "sha512-cMoR+FoAf/Jyq6+Df2/Z41jISvGZZ2eTlnsaJRptmZ76Caldwy1odD4xTr/gNV9VLj0AWgg/nmkevIyUfIIq5w=="],

    "@types/statuses": ["@types/statuses@2.0.6", "", {}, "sha512-xMAgYwceFhRA2zY+XbEA7mxYbA093wdiW8Vu6gZPGWy9cmOyU9XesH1tNcEWsKFd5Vzrqx5T3D38PWx1FIIXkA=="],

    "bun-types": ["bun-types@1.2.23", "", { "dependencies": { "@types/node": "*" }, "peerDependencies": { "@types/react": "^19" } }, "sha512-R9f0hKAZXgFU3mlrA0YpE/fiDvwV0FT9rORApt2aQVWSuJDzZOyB5QLc0N/4HF57CS8IXJ6+L5E4W1bW6NS2Aw=="],

    "csstype": ["csstype@3.1.3", "", {}, "sha512-M1uQkMl8rQK/szD0LNhtqxIPLpimGm8sOBwU7lLnCpSbTyY3yeU1Vc7l4KT5zT4s/yOxHH5O7tIuuLOCnLADRw=="],

    "http-status-codes": ["http-status-codes@2.3.0", "", {}, "sha512-RJ8XvFvpPM/Dmc5SV+dC4y5PCeOhT3x1Hq0NU3rjGeg5a/CqlhZ7uudknPwZFz4aeAXDcbAyaeP7GAo9lvngtA=="],

    "prettier": ["prettier@3.6.2", "", { "bin": { "prettier": "bin/prettier.cjs" } }, "sha512-I7AIg5boAr5R0FFtJ6rCfD+LFsWHp81dolrFD8S79U9tb8Az2nGrJncnMSnys+bpQJfRUzqs9hnA81OAA3hCuQ=="],

    "statuses": ["statuses@2.0.2", "", {}, "sha512-DvEy55V3DB7uknRo+4iOGT5fP1slR8wQohVdknigZPMpMstaKJQWhwiYBACJE3Ul2pTnATihhBYnRhZQHGBiRw=="],

    "typescript": ["typescript@5.9.2", "", { "bin": { "tsc": "bin/tsc", "tsserver": "bin/tsserver" } }, "sha512-CWBzXQrc/qOkhidw1OzBTQuYRbfyxDXJMVJ1XNwUHGROVmuaeiEm3OslpZ1RV96d7SKKjZKrSJu3+t/xlw3R9A=="],

    "undici-types": ["undici-types@7.10.0", "", {}, "sha512-t5Fy/nfn+14LuOc2KNYg75vZqClpAiqscVvMygNnlsHBFpSXdJaYtXMcdNLpl/Qvc3P2cB3s6lOV51nqsFq4ag=="],
  }
}
